
Microsoft Visual Studio Solution File, Format Version 12.00
# Visual Studio Version 17
VisualStudioVersion = 17.4.33006.217
MinimumVisualStudioVersion = 10.0.40219.1
Project("{FAE04EC0-301F-11D3-BF4B-00C04F79EFBC}") = "formulario", "formulario.csproj", "{BE7F58F5-2C88-446F-A466-75C70A09B446}"
EndProject
Global
	GlobalSection(SolutionConfigurationPlatforms) = preSolution
		Debug|Any CPU = Debug|Any CPU
		Release|Any CPU = Release|Any CPU
	EndGlobalSection
	GlobalSection(ProjectConfigurationPlatforms) = postSolution
		{BE7F58F5-2C88-446F-A466-75C70A09B446}.Debug|Any CPU.ActiveCfg = Debug|Any CPU
		{BE7F58F5-2C88-446F-A466-75C70A09B446}.Debug|Any CPU.Build.0 = Debug|Any CPU
		{BE7F58F5-2C88-446F-A466-75C70A09B446}.Release|Any CPU.ActiveCfg = Release|Any CPU
		{BE7F58F5-2C88-446F-A466-75C70A09B446}.Release|Any CPU.Build.0 = Release|Any CPU
	EndGlobalSection
	GlobalSection(SolutionProperties) = preSolution
		HideSolutionNode = FALSE
	EndGlobalSection
	GlobalSection(ExtensibilityGlobals) = postSolution
		SolutionGuid = {1F81F702-0084-415C-BEDD-09E7EB570998}
	EndGlobalSection
EndGlobal
